
Microsoft Visual Studio Solution File, Format Version 12.00
# Visual Studio Version 17
VisualStudioVersion = 17.9.34208.28
MinimumVisualStudioVersion = 10.0.40219.1
Project("{9A19103F-16F7-4668-BE54-9A1E7A4F7556}") = "Interfaces", "Interfaces\Interfaces.csproj", "{2A59678A-2730-46D9-A821-7EF73F5B1C3B}"
EndProject
Project("{9A19103F-16F7-4668-BE54-9A1E7A4F7556}") = "Application", "Application\Application.csproj", "{8DF4EDE1-6876-428A-989A-1079FBA93D69}"
EndProject
Project("{FAE04EC0-301F-11D3-BF4B-00C04F79EFBC}") = "Implementations", "Implementations\Implementations.csproj", "{2E2BEEE2-DD44-44AA-AD2C-F574D3B66796}"
EndProject
Global
	GlobalSection(SolutionConfigurationPlatforms) = preSolution
		Debug|Any CPU = Debug|Any CPU
		Release|Any CPU = Release|Any CPU
	EndGlobalSection
	GlobalSection(ProjectConfigurationPlatforms) = postSolution
		{2A59678A-2730-46D9-A821-7EF73F5B1C3B}.Debug|Any CPU.ActiveCfg = Debug|Any CPU
		{2A59678A-2730-46D9-A821-7EF73F5B1C3B}.Debug|Any CPU.Build.0 = Debug|Any CPU
		{2A59678A-2730-46D9-A821-7EF73F5B1C3B}.Release|Any CPU.ActiveCfg = Release|Any CPU
		{2A59678A-2730-46D9-A821-7EF73F5B1C3B}.Release|Any CPU.Build.0 = Release|Any CPU
		{8DF4EDE1-6876-428A-989A-1079FBA93D69}.Debug|Any CPU.ActiveCfg = Debug|Any CPU
		{8DF4EDE1-6876-428A-989A-1079FBA93D69}.Debug|Any CPU.Build.0 = Debug|Any CPU
		{8DF4EDE1-6876-428A-989A-1079FBA93D69}.Release|Any CPU.ActiveCfg = Release|Any CPU
		{8DF4EDE1-6876-428A-989A-1079FBA93D69}.Release|Any CPU.Build.0 = Release|Any CPU
		{2E2BEEE2-DD44-44AA-AD2C-F574D3B66796}.Debug|Any CPU.ActiveCfg = Debug|Any CPU
		{2E2BEEE2-DD44-44AA-AD2C-F574D3B66796}.Debug|Any CPU.Build.0 = Debug|Any CPU
		{2E2BEEE2-DD44-44AA-AD2C-F574D3B66796}.Release|Any CPU.ActiveCfg = Release|Any CPU
		{2E2BEEE2-DD44-44AA-AD2C-F574D3B66796}.Release|Any CPU.Build.0 = Release|Any CPU
	EndGlobalSection
	GlobalSection(SolutionProperties) = preSolution
		HideSolutionNode = FALSE
	EndGlobalSection
	GlobalSection(ExtensibilityGlobals) = postSolution
		SolutionGuid = {276416A8-CEC7-4A20-9F43-299D7254CA72}
	EndGlobalSection
EndGlobal
